
Microsoft Visual Studio Solution File, Format Version 12.00
# Visual Studio Version 17
VisualStudioVersion = 17.5.33414.496
MinimumVisualStudioVersion = 10.0.40219.1
Project("{FAE04EC0-301F-11D3-BF4B-00C04F79EFBC}") = "task 3", "task 3.csproj", "{CFE23640-4418-4129-9994-82847F1DE556}"
EndProject
Global
	GlobalSection(SolutionConfigurationPlatforms) = preSolution
		Debug|Any CPU = Debug|Any CPU
		Release|Any CPU = Release|Any CPU
	EndGlobalSection
	GlobalSection(ProjectConfigurationPlatforms) = postSolution
		{CFE23640-4418-4129-9994-82847F1DE556}.Debug|Any CPU.ActiveCfg = Debug|Any CPU
		{CFE23640-4418-4129-9994-82847F1DE556}.Debug|Any CPU.Build.0 = Debug|Any CPU
		{CFE23640-4418-4129-9994-82847F1DE556}.Release|Any CPU.ActiveCfg = Release|Any CPU
		{CFE23640-4418-4129-9994-82847F1DE556}.Release|Any CPU.Build.0 = Release|Any CPU
	EndGlobalSection
	GlobalSection(SolutionProperties) = preSolution
		HideSolutionNode = FALSE
	EndGlobalSection
	GlobalSection(ExtensibilityGlobals) = postSolution
		SolutionGuid = {E061F715-186E-4CAD-809B-0C7D903F8D08}
	EndGlobalSection
EndGlobal
